
Microsoft Visual Studio Solution File, Format Version 12.00
# Visual Studio Version 16
VisualStudioVersion = 16.0.31729.503
MinimumVisualStudioVersion = 10.0.40219.1
Project("{FAE04EC0-301F-11D3-BF4B-00C04F79EFBC}") = "DioPooAula2", "DioPooAula2\DioPooAula2.csproj", "{04BA7206-2EA4-4DB6-BA56-29FF1D288DA6}"
EndProject
Global
	GlobalSection(SolutionConfigurationPlatforms) = preSolution
		Debug|Any CPU = Debug|Any CPU
		Release|Any CPU = Release|Any CPU
	EndGlobalSection
	GlobalSection(ProjectConfigurationPlatforms) = postSolution
		{04BA7206-2EA4-4DB6-BA56-29FF1D288DA6}.Debug|Any CPU.ActiveCfg = Debug|Any CPU
		{04BA7206-2EA4-4DB6-BA56-29FF1D288DA6}.Debug|Any CPU.Build.0 = Debug|Any CPU
		{04BA7206-2EA4-4DB6-BA56-29FF1D288DA6}.Release|Any CPU.ActiveCfg = Release|Any CPU
		{04BA7206-2EA4-4DB6-BA56-29FF1D288DA6}.Release|Any CPU.Build.0 = Release|Any CPU
	EndGlobalSection
	GlobalSection(SolutionProperties) = preSolution
		HideSolutionNode = FALSE
	EndGlobalSection
	GlobalSection(ExtensibilityGlobals) = postSolution
		SolutionGuid = {2813C21E-17EB-4DAE-9C83-ACDA2D33F6BA}
	EndGlobalSection
EndGlobal
